
Microsoft Visual Studio Solution File, Format Version 11.00
# Visual Studio 2010
Project("{FAE04EC0-301F-11D3-BF4B-00C04F79EFBC}") = "Assembly-CSharp", "Assembly-CSharp.csproj", "{1D4DA710-C13A-2037-E677-061FBED8B76C}"
EndProject
Project("{FAE04EC0-301F-11D3-BF4B-00C04F79EFBC}") = "VuforiaScripts", "VuforiaScripts.csproj", "{224AC70B-4F8B-B1F6-307F-2C7F0377051D}"
EndProject
Project("{FAE04EC0-301F-11D3-BF4B-00C04F79EFBC}") = "Assembly-CSharp-Editor", "Assembly-CSharp-Editor.csproj", "{3DD99043-CEB1-BC9D-A348-31DF3964A426}"
EndProject
Project("{FAE04EC0-301F-11D3-BF4B-00C04F79EFBC}") = "VuforiaEditorScripts", "VuforiaEditorScripts.csproj", "{72A57FBB-BA2E-0F40-8F9E-1F074642B7AD}"
EndProject
Global
	GlobalSection(SolutionConfigurationPlatforms) = preSolution
		Debug|Any CPU = Debug|Any CPU
		Release|Any CPU = Release|Any CPU
	EndGlobalSection
	GlobalSection(ProjectConfigurationPlatforms) = postSolution
		{1D4DA710-C13A-2037-E677-061FBED8B76C}.Debug|Any CPU.ActiveCfg = Debug|Any CPU
		{1D4DA710-C13A-2037-E677-061FBED8B76C}.Debug|Any CPU.Build.0 = Debug|Any CPU
		{1D4DA710-C13A-2037-E677-061FBED8B76C}.Release|Any CPU.ActiveCfg = Release|Any CPU
		{1D4DA710-C13A-2037-E677-061FBED8B76C}.Release|Any CPU.Build.0 = Release|Any CPU
		{224AC70B-4F8B-B1F6-307F-2C7F0377051D}.Debug|Any CPU.ActiveCfg = Debug|Any CPU
		{224AC70B-4F8B-B1F6-307F-2C7F0377051D}.Debug|Any CPU.Build.0 = Debug|Any CPU
		{224AC70B-4F8B-B1F6-307F-2C7F0377051D}.Release|Any CPU.ActiveCfg = Release|Any CPU
		{224AC70B-4F8B-B1F6-307F-2C7F0377051D}.Release|Any CPU.Build.0 = Release|Any CPU
		{3DD99043-CEB1-BC9D-A348-31DF3964A426}.Debug|Any CPU.ActiveCfg = Debug|Any CPU
		{3DD99043-CEB1-BC9D-A348-31DF3964A426}.Debug|Any CPU.Build.0 = Debug|Any CPU
		{3DD99043-CEB1-BC9D-A348-31DF3964A426}.Release|Any CPU.ActiveCfg = Release|Any CPU
		{3DD99043-CEB1-BC9D-A348-31DF3964A426}.Release|Any CPU.Build.0 = Release|Any CPU
		{72A57FBB-BA2E-0F40-8F9E-1F074642B7AD}.Debug|Any CPU.ActiveCfg = Debug|Any CPU
		{72A57FBB-BA2E-0F40-8F9E-1F074642B7AD}.Debug|Any CPU.Build.0 = Debug|Any CPU
		{72A57FBB-BA2E-0F40-8F9E-1F074642B7AD}.Release|Any CPU.ActiveCfg = Release|Any CPU
		{72A57FBB-BA2E-0F40-8F9E-1F074642B7AD}.Release|Any CPU.Build.0 = Release|Any CPU
	EndGlobalSection
	GlobalSection(SolutionProperties) = preSolution
		HideSolutionNode = FALSE
	EndGlobalSection
	GlobalSection(MonoDevelopProperties) = preSolution
		StartupItem = Assembly-CSharp.csproj
	EndGlobalSection
EndGlobal
